
Microsoft Visual Studio Solution File, Format Version 12.00
# Visual Studio Version 16
VisualStudioVersion = 16.0.30406.217
MinimumVisualStudioVersion = 10.0.40219.1
Project("{888888A0-9F3D-457C-B088-3A5042F75D52}") = "Try1", "Try1\Try1.pyproj", "{87E3BAF1-E16F-40D4-A2DC-560DCB6BB842}"
EndProject
Global
	GlobalSection(SolutionConfigurationPlatforms) = preSolution
		Debug|Any CPU = Debug|Any CPU
		Release|Any CPU = Release|Any CPU
	EndGlobalSection
	GlobalSection(ProjectConfigurationPlatforms) = postSolution
		{87E3BAF1-E16F-40D4-A2DC-560DCB6BB842}.Debug|Any CPU.ActiveCfg = Debug|Any CPU
		{87E3BAF1-E16F-40D4-A2DC-560DCB6BB842}.Release|Any CPU.ActiveCfg = Release|Any CPU
	EndGlobalSection
	GlobalSection(SolutionProperties) = preSolution
		HideSolutionNode = FALSE
	EndGlobalSection
	GlobalSection(ExtensibilityGlobals) = postSolution
		SolutionGuid = {21F17853-3CDE-42DC-A1A5-13583B99A4F7}
	EndGlobalSection
EndGlobal
