
Microsoft Visual Studio Solution File, Format Version 12.00
# Visual Studio Version 16
VisualStudioVersion = 16.0.30406.217
MinimumVisualStudioVersion = 10.0.40219.1
Project("{888888A0-9F3D-457C-B088-3A5042F75D52}") = "Try2", "Try2\Try2.pyproj", "{90B5923A-25B1-43C5-9414-4ACE18AE7D02}"
EndProject
Global
	GlobalSection(SolutionConfigurationPlatforms) = preSolution
		Debug|Any CPU = Debug|Any CPU
		Release|Any CPU = Release|Any CPU
	EndGlobalSection
	GlobalSection(ProjectConfigurationPlatforms) = postSolution
		{90B5923A-25B1-43C5-9414-4ACE18AE7D02}.Debug|Any CPU.ActiveCfg = Debug|Any CPU
		{90B5923A-25B1-43C5-9414-4ACE18AE7D02}.Release|Any CPU.ActiveCfg = Release|Any CPU
	EndGlobalSection
	GlobalSection(SolutionProperties) = preSolution
		HideSolutionNode = FALSE
	EndGlobalSection
	GlobalSection(ExtensibilityGlobals) = postSolution
		SolutionGuid = {54550A73-38D6-45AD-B11D-0F11ADC27784}
	EndGlobalSection
EndGlobal
